
Microsoft Visual Studio Solution File, Format Version 12.00
# Visual Studio Version 16
VisualStudioVersion = 16.0.30204.135
MinimumVisualStudioVersion = 10.0.40219.1
Project("{FAE04EC0-301F-11D3-BF4B-00C04F79EFBC}") = "Demo.ADO.NET", "Demo.ADO.NET\Demo.ADO.NET.csproj", "{3C7147AD-C7D1-4B32-A6EC-2E46ADF53069}"
EndProject
Project("{FAE04EC0-301F-11D3-BF4B-00C04F79EFBC}") = "InfrastructureData", "InfrastructureData\InfrastructureData.csproj", "{A317A13F-E56A-4B48-A222-FBD14CBF6EA0}"
EndProject
Global
	GlobalSection(SolutionConfigurationPlatforms) = preSolution
		Debug|Any CPU = Debug|Any CPU
		Release|Any CPU = Release|Any CPU
	EndGlobalSection
	GlobalSection(ProjectConfigurationPlatforms) = postSolution
		{3C7147AD-C7D1-4B32-A6EC-2E46ADF53069}.Debug|Any CPU.ActiveCfg = Debug|Any CPU
		{3C7147AD-C7D1-4B32-A6EC-2E46ADF53069}.Debug|Any CPU.Build.0 = Debug|Any CPU
		{3C7147AD-C7D1-4B32-A6EC-2E46ADF53069}.Release|Any CPU.ActiveCfg = Release|Any CPU
		{3C7147AD-C7D1-4B32-A6EC-2E46ADF53069}.Release|Any CPU.Build.0 = Release|Any CPU
		{A317A13F-E56A-4B48-A222-FBD14CBF6EA0}.Debug|Any CPU.ActiveCfg = Debug|Any CPU
		{A317A13F-E56A-4B48-A222-FBD14CBF6EA0}.Debug|Any CPU.Build.0 = Debug|Any CPU
		{A317A13F-E56A-4B48-A222-FBD14CBF6EA0}.Release|Any CPU.ActiveCfg = Release|Any CPU
		{A317A13F-E56A-4B48-A222-FBD14CBF6EA0}.Release|Any CPU.Build.0 = Release|Any CPU
	EndGlobalSection
	GlobalSection(SolutionProperties) = preSolution
		HideSolutionNode = FALSE
	EndGlobalSection
	GlobalSection(ExtensibilityGlobals) = postSolution
		SolutionGuid = {C38E398D-E864-4D7F-9FE2-D06DDAB0D5B7}
	EndGlobalSection
EndGlobal
